// !$*UTF8*$!
{
	archiveVersion = 1;
	classes = {
	};
	objectVersion = 56;
	objects = {

/* Begin PBXBuildFile section */
		09EA84D92C67CB7500073445 /* StopBellView.swift in Sources */ = {isa = PBXBuildFile; fileRef = 09EA84D82C67CB7500073445 /* StopBellView.swift */; };
		09EA84DB2C67CFF200073445 /* BusInfoView.swift in Sources */ = {isa = PBXBuildFile; fileRef = 09EA84DA2C67CFF200073445 /* BusInfoView.swift */; };
		09EA84DD2C67D63A00073445 /* InfoInputView.swift in Sources */ = {isa = PBXBuildFile; fileRef = 09EA84DC2C67D63A00073445 /* InfoInputView.swift */; };
		09EA84DF2C67D9F000073445 /* DestInputView.swift in Sources */ = {isa = PBXBuildFile; fileRef = 09EA84DE2C67D9F000073445 /* DestInputView.swift */; };
		09EA84E12C681F8800073445 /* CoreLocationManager.swift in Sources */ = {isa = PBXBuildFile; fileRef = 09EA84E02C681F8800073445 /* CoreLocationManager.swift */; };
		09EA84E42C68397400073445 /* HapticManager.swift in Sources */ = {isa = PBXBuildFile; fileRef = 09EA84E32C68397400073445 /* HapticManager.swift */; };
		09EA84E62C685A8700073445 /* Coordinator.swift in Sources */ = {isa = PBXBuildFile; fileRef = 09EA84E52C685A8700073445 /* Coordinator.swift */; };
		09EA84E82C685ABB00073445 /* Route.swift in Sources */ = {isa = PBXBuildFile; fileRef = 09EA84E72C685ABB00073445 /* Route.swift */; };
		D8366DA62C675A4100EC69D1 /* Ae_shleyApp.swift in Sources */ = {isa = PBXBuildFile; fileRef = D8366DA52C675A4100EC69D1 /* Ae_shleyApp.swift */; };
		D8366DAA2C675A4200EC69D1 /* Assets.xcassets in Resources */ = {isa = PBXBuildFile; fileRef = D8366DA92C675A4200EC69D1 /* Assets.xcassets */; };
		D8366DAD2C675A4200EC69D1 /* Preview Assets.xcassets in Resources */ = {isa = PBXBuildFile; fileRef = D8366DAC2C675A4200EC69D1 /* Preview Assets.xcassets */; };
		D87895D02C67EC6F003F0D07 /* NotificationManager.swift in Sources */ = {isa = PBXBuildFile; fileRef = D87895CF2C67EC6F003F0D07 /* NotificationManager.swift */; };
		D87895D32C681E1E003F0D07 /* BusNumberInputView.swift in Sources */ = {isa = PBXBuildFile; fileRef = D87895D22C681E1E003F0D07 /* BusNumberInputView.swift */; };
/* End PBXBuildFile section */

/* Begin PBXFileReference section */
		09EA84D82C67CB7500073445 /* StopBellView.swift */ = {isa = PBXFileReference; lastKnownFileType = sourcecode.swift; path = StopBellView.swift; sourceTree = "<group>"; };
		09EA84DA2C67CFF200073445 /* BusInfoView.swift */ = {isa = PBXFileReference; lastKnownFileType = sourcecode.swift; path = BusInfoView.swift; sourceTree = "<group>"; };
		09EA84DC2C67D63A00073445 /* InfoInputView.swift */ = {isa = PBXFileReference; lastKnownFileType = sourcecode.swift; path = InfoInputView.swift; sourceTree = "<group>"; };
		09EA84DE2C67D9F000073445 /* DestInputView.swift */ = {isa = PBXFileReference; lastKnownFileType = sourcecode.swift; path = DestInputView.swift; sourceTree = "<group>"; };
		09EA84E02C681F8800073445 /* CoreLocationManager.swift */ = {isa = PBXFileReference; lastKnownFileType = sourcecode.swift; path = CoreLocationManager.swift; sourceTree = "<group>"; };
		09EA84E32C68397400073445 /* HapticManager.swift */ = {isa = PBXFileReference; lastKnownFileType = sourcecode.swift; path = HapticManager.swift; sourceTree = "<group>"; };
		09EA84E52C685A8700073445 /* Coordinator.swift */ = {isa = PBXFileReference; lastKnownFileType = sourcecode.swift; path = Coordinator.swift; sourceTree = "<group>"; };
		09EA84E72C685ABB00073445 /* Route.swift */ = {isa = PBXFileReference; lastKnownFileType = sourcecode.swift; path = Route.swift; sourceTree = "<group>"; };
		D8366DA22C675A4100EC69D1 /* Ae-shley.app */ = {isa = PBXFileReference; explicitFileType = wrapper.application; includeInIndex = 0; path = "Ae-shley.app"; sourceTree = BUILT_PRODUCTS_DIR; };
		D8366DA52C675A4100EC69D1 /* Ae_shleyApp.swift */ = {isa = PBXFileReference; lastKnownFileType = sourcecode.swift; path = Ae_shleyApp.swift; sourceTree = "<group>"; };
		D8366DA92C675A4200EC69D1 /* Assets.xcassets */ = {isa = PBXFileReference; lastKnownFileType = folder.assetcatalog; path = Assets.xcassets; sourceTree = "<group>"; };
		D8366DAC2C675A4200EC69D1 /* Preview Assets.xcassets */ = {isa = PBXFileReference; lastKnownFileType = folder.assetcatalog; path = "Preview Assets.xcassets"; sourceTree = "<group>"; };
		D87895CF2C67EC6F003F0D07 /* NotificationManager.swift */ = {isa = PBXFileReference; lastKnownFileType = sourcecode.swift; path = NotificationManager.swift; sourceTree = "<group>"; };
		D87895D12C67EDAD003F0D07 /* Info.plist */ = {isa = PBXFileReference; lastKnownFileType = text.plist; path = Info.plist; sourceTree = "<group>"; };
		D87895D22C681E1E003F0D07 /* BusNumberInputView.swift */ = {isa = PBXFileReference; lastKnownFileType = sourcecode.swift; path = BusNumberInputView.swift; sourceTree = "<group>"; };
/* End PBXFileReference section */

/* Begin PBXFrameworksBuildPhase section */
		D8366D9F2C675A4100EC69D1 /* Frameworks */ = {
			isa = PBXFrameworksBuildPhase;
			buildActionMask = 2147483647;
			files = (
			);
			runOnlyForDeploymentPostprocessing = 0;
		};
/* End PBXFrameworksBuildPhase section */

/* Begin PBXGroup section */
		09EA84D72C67CAFB00073445 /* View */ = {
			isa = PBXGroup;
			children = (
				09EA84DC2C67D63A00073445 /* InfoInputView.swift */,
				D87895D22C681E1E003F0D07 /* BusNumberInputView.swift */,
				09EA84DE2C67D9F000073445 /* DestInputView.swift */,
				09EA84DA2C67CFF200073445 /* BusInfoView.swift */,
				09EA84D82C67CB7500073445 /* StopBellView.swift */,
			);
			path = View;
			sourceTree = "<group>";
		};
		09EA84E22C68318D00073445 /* Manager */ = {
			isa = PBXGroup;
			children = (
				D87895CF2C67EC6F003F0D07 /* NotificationManager.swift */,
				09EA84E02C681F8800073445 /* CoreLocationManager.swift */,
				09EA84E32C68397400073445 /* HapticManager.swift */,
			);
			path = Manager;
			sourceTree = "<group>";
		};
		D8366D992C675A4100EC69D1 = {
			isa = PBXGroup;
			children = (
				D8366DA42C675A4100EC69D1 /* Ae-shley */,
				D8366DA32C675A4100EC69D1 /* Products */,
			);
			sourceTree = "<group>";
		};
		D8366DA32C675A4100EC69D1 /* Products */ = {
			isa = PBXGroup;
			children = (
				D8366DA22C675A4100EC69D1 /* Ae-shley.app */,
			);
			name = Products;
			sourceTree = "<group>";
		};
		D8366DA42C675A4100EC69D1 /* Ae-shley */ = {
			isa = PBXGroup;
			children = (
				D87895D12C67EDAD003F0D07 /* Info.plist */,
				D8366DA52C675A4100EC69D1 /* Ae_shleyApp.swift */,
				09EA84E22C68318D00073445 /* Manager */,
				09EA84D72C67CAFB00073445 /* View */,
				D8366DA92C675A4200EC69D1 /* Assets.xcassets */,
				D8366DAB2C675A4200EC69D1 /* Preview Content */,
				09EA84E52C685A8700073445 /* Coordinator.swift */,
				09EA84E72C685ABB00073445 /* Route.swift */,
			);
			path = "Ae-shley";
			sourceTree = "<group>";
		};
		D8366DAB2C675A4200EC69D1 /* Preview Content */ = {
			isa = PBXGroup;
			children = (
				D8366DAC2C675A4200EC69D1 /* Preview Assets.xcassets */,
			);
			path = "Preview Content";
			sourceTree = "<group>";
		};
/* End PBXGroup section */

/* Begin PBXNativeTarget section */
		D8366DA12C675A4100EC69D1 /* Ae-shley */ = {
			isa = PBXNativeTarget;
			buildConfigurationList = D8366DB02C675A4200EC69D1 /* Build configuration list for PBXNativeTarget "Ae-shley" */;
			buildPhases = (
				D8366D9E2C675A4100EC69D1 /* Sources */,
				D8366D9F2C675A4100EC69D1 /* Frameworks */,
				D8366DA02C675A4100EC69D1 /* Resources */,
			);
			buildRules = (
			);
			dependencies = (
			);
			name = "Ae-shley";
			productName = "Ae-shley";
			productReference = D8366DA22C675A4100EC69D1 /* Ae-shley.app */;
			productType = "com.apple.product-type.application";
		};
/* End PBXNativeTarget section */

/* Begin PBXProject section */
		D8366D9A2C675A4100EC69D1 /* Project object */ = {
			isa = PBXProject;
			attributes = {
				BuildIndependentTargetsInParallel = 1;
				LastSwiftUpdateCheck = 1540;
				LastUpgradeCheck = 1540;
				TargetAttributes = {
					D8366DA12C675A4100EC69D1 = {
						CreatedOnToolsVersion = 15.4;
					};
				};
			};
			buildConfigurationList = D8366D9D2C675A4100EC69D1 /* Build configuration list for PBXProject "Ae-shley" */;
			compatibilityVersion = "Xcode 14.0";
			developmentRegion = en;
			hasScannedForEncodings = 0;
			knownRegions = (
				en,
				Base,
			);
			mainGroup = D8366D992C675A4100EC69D1;
			productRefGroup = D8366DA32C675A4100EC69D1 /* Products */;
			projectDirPath = "";
			projectRoot = "";
			targets = (
				D8366DA12C675A4100EC69D1 /* Ae-shley */,
			);
		};
/* End PBXProject section */

/* Begin PBXResourcesBuildPhase section */
		D8366DA02C675A4100EC69D1 /* Resources */ = {
			isa = PBXResourcesBuildPhase;
			buildActionMask = 2147483647;
			files = (
				D8366DAD2C675A4200EC69D1 /* Preview Assets.xcassets in Resources */,
				D8366DAA2C675A4200EC69D1 /* Assets.xcassets in Resources */,
			);
			runOnlyForDeploymentPostprocessing = 0;
		};
/* End PBXResourcesBuildPhase section */

/* Begin PBXSourcesBuildPhase section */
		D8366D9E2C675A4100EC69D1 /* Sources */ = {
			isa = PBXSourcesBuildPhase;
			buildActionMask = 2147483647;
			files = (
				09EA84D92C67CB7500073445 /* StopBellView.swift in Sources */,
				D87895D32C681E1E003F0D07 /* BusNumberInputView.swift in Sources */,
				09EA84E82C685ABB00073445 /* Route.swift in Sources */,
				09EA84E62C685A8700073445 /* Coordinator.swift in Sources */,
				D87895D02C67EC6F003F0D07 /* NotificationManager.swift in Sources */,
				09EA84DB2C67CFF200073445 /* BusInfoView.swift in Sources */,
				09EA84DD2C67D63A00073445 /* InfoInputView.swift in Sources */,
				D8366DA62C675A4100EC69D1 /* Ae_shleyApp.swift in Sources */,
				09EA84E12C681F8800073445 /* CoreLocationManager.swift in Sources */,
				09EA84E42C68397400073445 /* HapticManager.swift in Sources */,
				09EA84DF2C67D9F000073445 /* DestInputView.swift in Sources */,
			);
			runOnlyForDeploymentPostprocessing = 0;
		};
/* End PBXSourcesBuildPhase section */

/* Begin XCBuildConfiguration section */
		D8366DAE2C675A4200EC69D1 /* Debug */ = {
			isa = XCBuildConfiguration;
			buildSettings = {
				ALWAYS_SEARCH_USER_PATHS = NO;
				ASSETCATALOG_COMPILER_GENERATE_SWIFT_ASSET_SYMBOL_EXTENSIONS = YES;
				CLANG_ANALYZER_NONNULL = YES;
				CLANG_ANALYZER_NUMBER_OBJECT_CONVERSION = YES_AGGRESSIVE;
				CLANG_CXX_LANGUAGE_STANDARD = "gnu++20";
				CLANG_ENABLE_MODULES = YES;
				CLANG_ENABLE_OBJC_ARC = YES;
				CLANG_ENABLE_OBJC_WEAK = YES;
				CLANG_WARN_BLOCK_CAPTURE_AUTORELEASING = YES;
				CLANG_WARN_BOOL_CONVERSION = YES;
				CLANG_WARN_COMMA = YES;
				CLANG_WARN_CONSTANT_CONVERSION = YES;
				CLANG_WARN_DEPRECATED_OBJC_IMPLEMENTATIONS = YES;
				CLANG_WARN_DIRECT_OBJC_ISA_USAGE = YES_ERROR;
				CLANG_WARN_DOCUMENTATION_COMMENTS = YES;
				CLANG_WARN_EMPTY_BODY = YES;
				CLANG_WARN_ENUM_CONVERSION = YES;
				CLANG_WARN_INFINITE_RECURSION = YES;
				CLANG_WARN_INT_CONVERSION = YES;
				CLANG_WARN_NON_LITERAL_NULL_CONVERSION = YES;
				CLANG_WARN_OBJC_IMPLICIT_RETAIN_SELF = YES;
				CLANG_WARN_OBJC_LITERAL_CONVERSION = YES;
				CLANG_WARN_OBJC_ROOT_CLASS = YES_ERROR;
				CLANG_WARN_QUOTED_INCLUDE_IN_FRAMEWORK_HEADER = YES;
				CLANG_WARN_RANGE_LOOP_ANALYSIS = YES;
				CLANG_WARN_STRICT_PROTOTYPES = YES;
				CLANG_WARN_SUSPICIOUS_MOVE = YES;
				CLANG_WARN_UNGUARDED_AVAILABILITY = YES_AGGRESSIVE;
				CLANG_WARN_UNREACHABLE_CODE = YES;
				CLANG_WARN__DUPLICATE_METHOD_MATCH = YES;
				COPY_PHASE_STRIP = NO;
				DEBUG_INFORMATION_FORMAT = dwarf;
				ENABLE_STRICT_OBJC_MSGSEND = YES;
				ENABLE_TESTABILITY = YES;
				ENABLE_USER_SCRIPT_SANDBOXING = YES;
				GCC_C_LANGUAGE_STANDARD = gnu17;
				GCC_DYNAMIC_NO_PIC = NO;
				GCC_NO_COMMON_BLOCKS = YES;
				GCC_OPTIMIZATION_LEVEL = 0;
				GCC_PREPROCESSOR_DEFINITIONS = (
					"DEBUG=1",
					"$(inherited)",
				);
				GCC_WARN_64_TO_32_BIT_CONVERSION = YES;
				GCC_WARN_ABOUT_RETURN_TYPE = YES_ERROR;
				GCC_WARN_UNDECLARED_SELECTOR = YES;
				GCC_WARN_UNINITIALIZED_AUTOS = YES_AGGRESSIVE;
				GCC_WARN_UNUSED_FUNCTION = YES;
				GCC_WARN_UNUSED_VARIABLE = YES;
				IPHONEOS_DEPLOYMENT_TARGET = 17.5;
				LOCALIZATION_PREFERS_STRING_CATALOGS = YES;
				MTL_ENABLE_DEBUG_INFO = INCLUDE_SOURCE;
				MTL_FAST_MATH = YES;
				ONLY_ACTIVE_ARCH = YES;
				SDKROOT = iphoneos;
				SWIFT_ACTIVE_COMPILATION_CONDITIONS = "DEBUG $(inherited)";
				SWIFT_OPTIMIZATION_LEVEL = "-Onone";
			};
			name = Debug;
		};
		D8366DAF2C675A4200EC69D1 /* Release */ = {
			isa = XCBuildConfiguration;
			buildSettings = {
				ALWAYS_SEARCH_USER_PATHS = NO;
				ASSETCATALOG_COMPILER_GENERATE_SWIFT_ASSET_SYMBOL_EXTENSIONS = YES;
				CLANG_ANALYZER_NONNULL = YES;
				CLANG_ANALYZER_NUMBER_OBJECT_CONVERSION = YES_AGGRESSIVE;
				CLANG_CXX_LANGUAGE_STANDARD = "gnu++20";
				CLANG_ENABLE_MODULES = YES;
				CLANG_ENABLE_OBJC_ARC = YES;
				CLANG_ENABLE_OBJC_WEAK = YES;
				CLANG_WARN_BLOCK_CAPTURE_AUTORELEASING = YES;
				CLANG_WARN_BOOL_CONVERSION = YES;
				CLANG_WARN_COMMA = YES;
				CLANG_WARN_CONSTANT_CONVERSION = YES;
				CLANG_WARN_DEPRECATED_OBJC_IMPLEMENTATIONS = YES;
				CLANG_WARN_DIRECT_OBJC_ISA_USAGE = YES_ERROR;
				CLANG_WARN_DOCUMENTATION_COMMENTS = YES;
				CLANG_WARN_EMPTY_BODY = YES;
				CLANG_WARN_ENUM_CONVERSION = YES;
				CLANG_WARN_INFINITE_RECURSION = YES;
				CLANG_WARN_INT_CONVERSION = YES;
				CLANG_WARN_NON_LITERAL_NULL_CONVERSION = YES;
				CLANG_WARN_OBJC_IMPLICIT_RETAIN_SELF = YES;
				CLANG_WARN_OBJC_LITERAL_CONVERSION = YES;
				CLANG_WARN_OBJC_ROOT_CLASS = YES_ERROR;
				CLANG_WARN_QUOTED_INCLUDE_IN_FRAMEWORK_HEADER = YES;
				CLANG_WARN_RANGE_LOOP_ANALYSIS = YES;
				CLANG_WARN_STRICT_PROTOTYPES = YES;
				CLANG_WARN_SUSPICIOUS_MOVE = YES;
				CLANG_WARN_UNGUARDED_AVAILABILITY = YES_AGGRESSIVE;
				CLANG_WARN_UNREACHABLE_CODE = YES;
				CLANG_WARN__DUPLICATE_METHOD_MATCH = YES;
				COPY_PHASE_STRIP = NO;
				DEBUG_INFORMATION_FORMAT = "dwarf-with-dsym";
				ENABLE_NS_ASSERTIONS = NO;
				ENABLE_STRICT_OBJC_MSGSEND = YES;
				ENABLE_USER_SCRIPT_SANDBOXING = YES;
				GCC_C_LANGUAGE_STANDARD = gnu17;
				GCC_NO_COMMON_BLOCKS = YES;
				GCC_WARN_64_TO_32_BIT_CONVERSION = YES;
				GCC_WARN_ABOUT_RETURN_TYPE = YES_ERROR;
				GCC_WARN_UNDECLARED_SELECTOR = YES;
				GCC_WARN_UNINITIALIZED_AUTOS = YES_AGGRESSIVE;
				GCC_WARN_UNUSED_FUNCTION = YES;
				GCC_WARN_UNUSED_VARIABLE = YES;
				IPHONEOS_DEPLOYMENT_TARGET = 17.5;
				LOCALIZATION_PREFERS_STRING_CATALOGS = YES;
				MTL_ENABLE_DEBUG_INFO = NO;
				MTL_FAST_MATH = YES;
				SDKROOT = iphoneos;
				SWIFT_COMPILATION_MODE = wholemodule;
				VALIDATE_PRODUCT = YES;
			};
			name = Release;
		};
		D8366DB12C675A4200EC69D1 /* Debug */ = {
			isa = XCBuildConfiguration;
			buildSettings = {
				ASSETCATALOG_COMPILER_APPICON_NAME = AppIcon;
				ASSETCATALOG_COMPILER_GLOBAL_ACCENT_COLOR_NAME = AccentColor;
				CODE_SIGN_STYLE = Automatic;
				CURRENT_PROJECT_VERSION = 1;
				DEVELOPMENT_ASSET_PATHS = "\"Ae-shley/Preview Content\"";
				DEVELOPMENT_TEAM = 7P5S729LQZ;
				ENABLE_PREVIEWS = YES;
				GENERATE_INFOPLIST_FILE = YES;
				INFOPLIST_FILE = "Ae-shley/Info.plist";
				INFOPLIST_KEY_CFBundleDisplayName = "button easy";
				INFOPLIST_KEY_NSLocationAlwaysAndWhenInUseUsageDescription = "사용자의 위치를 통해 도착 지점으로부터 한 정거장 전에 벨을 누르기 위한 알림을 보내주고자 합니다";
				INFOPLIST_KEY_NSLocationWhenInUseUsageDescription = "사용자의 위치를 통해 도착 지점으로부터 한 정거장 전에 벨을 누르기 위한 알림을 보내주고자 합니다";
				INFOPLIST_KEY_UIApplicationSceneManifest_Generation = YES;
				INFOPLIST_KEY_UIApplicationSupportsIndirectInputEvents = YES;
				INFOPLIST_KEY_UILaunchScreen_Generation = YES;
				INFOPLIST_KEY_UISupportedInterfaceOrientations_iPad = "UIInterfaceOrientationPortrait UIInterfaceOrientationPortraitUpsideDown UIInterfaceOrientationLandscapeLeft UIInterfaceOrientationLandscapeRight";
				INFOPLIST_KEY_UISupportedInterfaceOrientations_iPhone = "UIInterfaceOrientationPortrait UIInterfaceOrientationLandscapeLeft UIInterfaceOrientationLandscapeRight";
				LD_RUNPATH_SEARCH_PATHS = (
					"$(inherited)",
					"@executable_path/Frameworks",
				);
				MARKETING_VERSION = 1.0;
				PRODUCT_BUNDLE_IDENTIFIER = "yubeen.Ae-shley";
				PRODUCT_NAME = "$(TARGET_NAME)";
				SWIFT_EMIT_LOC_STRINGS = YES;
				SWIFT_VERSION = 5.0;
				TARGETED_DEVICE_FAMILY = "1,2";
			};
			name = Debug;
		};
		D8366DB22C675A4200EC69D1 /* Release */ = {
			isa = XCBuildConfiguration;
			buildSettings = {
				ASSETCATALOG_COMPILER_APPICON_NAME = AppIcon;
				ASSETCATALOG_COMPILER_GLOBAL_ACCENT_COLOR_NAME = AccentColor;
				CODE_SIGN_STYLE = Automatic;
				CURRENT_PROJECT_VERSION = 1;
				DEVELOPMENT_ASSET_PATHS = "\"Ae-shley/Preview Content\"";
				DEVELOPMENT_TEAM = 7P5S729LQZ;
				ENABLE_PREVIEWS = YES;
				GENERATE_INFOPLIST_FILE = YES;
				INFOPLIST_FILE = "Ae-shley/Info.plist";
				INFOPLIST_KEY_CFBundleDisplayName = "button easy";
				INFOPLIST_KEY_NSLocationAlwaysAndWhenInUseUsageDescription = "사용자의 위치를 통해 도착 지점으로부터 한 정거장 전에 벨을 누르기 위한 알림을 보내주고자 합니다";
				INFOPLIST_KEY_NSLocationWhenInUseUsageDescription = "사용자의 위치를 통해 도착 지점으로부터 한 정거장 전에 벨을 누르기 위한 알림을 보내주고자 합니다";
				INFOPLIST_KEY_UIApplicationSceneManifest_Generation = YES;
				INFOPLIST_KEY_UIApplicationSupportsIndirectInputEvents = YES;
				INFOPLIST_KEY_UILaunchScreen_Generation = YES;
				INFOPLIST_KEY_UISupportedInterfaceOrientations_iPad = "UIInterfaceOrientationPortrait UIInterfaceOrientationPortraitUpsideDown UIInterfaceOrientationLandscapeLeft UIInterfaceOrientationLandscapeRight";
				INFOPLIST_KEY_UISupportedInterfaceOrientations_iPhone = "UIInterfaceOrientationPortrait UIInterfaceOrientationLandscapeLeft UIInterfaceOrientationLandscapeRight";
				LD_RUNPATH_SEARCH_PATHS = (
					"$(inherited)",
					"@executable_path/Frameworks",
				);
				MARKETING_VERSION = 1.0;
				PRODUCT_BUNDLE_IDENTIFIER = "yubeen.Ae-shley";
				PRODUCT_NAME = "$(TARGET_NAME)";
				SWIFT_EMIT_LOC_STRINGS = YES;
				SWIFT_VERSION = 5.0;
				TARGETED_DEVICE_FAMILY = "1,2";
			};
			name = Release;
		};
/* End XCBuildConfiguration section */

/* Begin XCConfigurationList section */
		D8366D9D2C675A4100EC69D1 /* Build configuration list for PBXProject "Ae-shley" */ = {
			isa = XCConfigurationList;
			buildConfigurations = (
				D8366DAE2C675A4200EC69D1 /* Debug */,
				D8366DAF2C675A4200EC69D1 /* Release */,
			);
			defaultConfigurationIsVisible = 0;
			defaultConfigurationName = Release;
		};
		D8366DB02C675A4200EC69D1 /* Build configuration list for PBXNativeTarget "Ae-shley" */ = {
			isa = XCConfigurationList;
			buildConfigurations = (
				D8366DB12C675A4200EC69D1 /* Debug */,
				D8366DB22C675A4200EC69D1 /* Release */,
			);
			defaultConfigurationIsVisible = 0;
			defaultConfigurationName = Release;
		};
/* End XCConfigurationList section */
	};
	rootObject = D8366D9A2C675A4100EC69D1 /* Project object */;
}
